
Microsoft Visual Studio Solution File, Format Version 12.00
# Visual Studio Version 16
VisualStudioVersion = 16.0.30114.105
MinimumVisualStudioVersion = 10.0.40219.1
Project("{FAE04EC0-301F-11D3-BF4B-00C04F79EFBC}") = "Api", "Api\Api.csproj", "{2E22E219-1956-48B7-9856-D0697FFD9027}"
EndProject
Project("{FAE04EC0-301F-11D3-BF4B-00C04F79EFBC}") = "Domain", "Domain\Domain.csproj", "{D2D29FA9-6A3A-42C0-9DE4-6142F216CB46}"
EndProject
Project("{FAE04EC0-301F-11D3-BF4B-00C04F79EFBC}") = "Infrastructure", "Infrastructure\Infrastructure.csproj", "{933B63EA-EE1A-4786-90A3-1C67FC9DA78A}"
EndProject
Project("{FAE04EC0-301F-11D3-BF4B-00C04F79EFBC}") = "Persistence", "Persistence\Persistence.csproj", "{5A929FCA-111B-426D-A6E3-7C6B0BFFC673}"
EndProject
Global
	GlobalSection(SolutionConfigurationPlatforms) = preSolution
		Debug|Any CPU = Debug|Any CPU
		Debug|x64 = Debug|x64
		Debug|x86 = Debug|x86
		Release|Any CPU = Release|Any CPU
		Release|x64 = Release|x64
		Release|x86 = Release|x86
	EndGlobalSection
	GlobalSection(SolutionProperties) = preSolution
		HideSolutionNode = FALSE
	EndGlobalSection
	GlobalSection(ProjectConfigurationPlatforms) = postSolution
		{2E22E219-1956-48B7-9856-D0697FFD9027}.Debug|Any CPU.ActiveCfg = Debug|Any CPU
		{2E22E219-1956-48B7-9856-D0697FFD9027}.Debug|Any CPU.Build.0 = Debug|Any CPU
		{2E22E219-1956-48B7-9856-D0697FFD9027}.Debug|x64.ActiveCfg = Debug|Any CPU
		{2E22E219-1956-48B7-9856-D0697FFD9027}.Debug|x64.Build.0 = Debug|Any CPU
		{2E22E219-1956-48B7-9856-D0697FFD9027}.Debug|x86.ActiveCfg = Debug|Any CPU
		{2E22E219-1956-48B7-9856-D0697FFD9027}.Debug|x86.Build.0 = Debug|Any CPU
		{2E22E219-1956-48B7-9856-D0697FFD9027}.Release|Any CPU.ActiveCfg = Release|Any CPU
		{2E22E219-1956-48B7-9856-D0697FFD9027}.Release|Any CPU.Build.0 = Release|Any CPU
		{2E22E219-1956-48B7-9856-D0697FFD9027}.Release|x64.ActiveCfg = Release|Any CPU
		{2E22E219-1956-48B7-9856-D0697FFD9027}.Release|x64.Build.0 = Release|Any CPU
		{2E22E219-1956-48B7-9856-D0697FFD9027}.Release|x86.ActiveCfg = Release|Any CPU
		{2E22E219-1956-48B7-9856-D0697FFD9027}.Release|x86.Build.0 = Release|Any CPU
		{D2D29FA9-6A3A-42C0-9DE4-6142F216CB46}.Debug|Any CPU.ActiveCfg = Debug|Any CPU
		{D2D29FA9-6A3A-42C0-9DE4-6142F216CB46}.Debug|Any CPU.Build.0 = Debug|Any CPU
		{D2D29FA9-6A3A-42C0-9DE4-6142F216CB46}.Debug|x64.ActiveCfg = Debug|Any CPU
		{D2D29FA9-6A3A-42C0-9DE4-6142F216CB46}.Debug|x64.Build.0 = Debug|Any CPU
		{D2D29FA9-6A3A-42C0-9DE4-6142F216CB46}.Debug|x86.ActiveCfg = Debug|Any CPU
		{D2D29FA9-6A3A-42C0-9DE4-6142F216CB46}.Debug|x86.Build.0 = Debug|Any CPU
		{D2D29FA9-6A3A-42C0-9DE4-6142F216CB46}.Release|Any CPU.ActiveCfg = Release|Any CPU
		{D2D29FA9-6A3A-42C0-9DE4-6142F216CB46}.Release|Any CPU.Build.0 = Release|Any CPU
		{D2D29FA9-6A3A-42C0-9DE4-6142F216CB46}.Release|x64.ActiveCfg = Release|Any CPU
		{D2D29FA9-6A3A-42C0-9DE4-6142F216CB46}.Release|x64.Build.0 = Release|Any CPU
		{D2D29FA9-6A3A-42C0-9DE4-6142F216CB46}.Release|x86.ActiveCfg = Release|Any CPU
		{D2D29FA9-6A3A-42C0-9DE4-6142F216CB46}.Release|x86.Build.0 = Release|Any CPU
		{933B63EA-EE1A-4786-90A3-1C67FC9DA78A}.Debug|Any CPU.ActiveCfg = Debug|Any CPU
		{933B63EA-EE1A-4786-90A3-1C67FC9DA78A}.Debug|Any CPU.Build.0 = Debug|Any CPU
		{933B63EA-EE1A-4786-90A3-1C67FC9DA78A}.Debug|x64.ActiveCfg = Debug|Any CPU
		{933B63EA-EE1A-4786-90A3-1C67FC9DA78A}.Debug|x64.Build.0 = Debug|Any CPU
		{933B63EA-EE1A-4786-90A3-1C67FC9DA78A}.Debug|x86.ActiveCfg = Debug|Any CPU
		{933B63EA-EE1A-4786-90A3-1C67FC9DA78A}.Debug|x86.Build.0 = Debug|Any CPU
		{933B63EA-EE1A-4786-90A3-1C67FC9DA78A}.Release|Any CPU.ActiveCfg = Release|Any CPU
		{933B63EA-EE1A-4786-90A3-1C67FC9DA78A}.Release|Any CPU.Build.0 = Release|Any CPU
		{933B63EA-EE1A-4786-90A3-1C67FC9DA78A}.Release|x64.ActiveCfg = Release|Any CPU
		{933B63EA-EE1A-4786-90A3-1C67FC9DA78A}.Release|x64.Build.0 = Release|Any CPU
		{933B63EA-EE1A-4786-90A3-1C67FC9DA78A}.Release|x86.ActiveCfg = Release|Any CPU
		{933B63EA-EE1A-4786-90A3-1C67FC9DA78A}.Release|x86.Build.0 = Release|Any CPU
		{5A929FCA-111B-426D-A6E3-7C6B0BFFC673}.Debug|Any CPU.ActiveCfg = Debug|Any CPU
		{5A929FCA-111B-426D-A6E3-7C6B0BFFC673}.Debug|Any CPU.Build.0 = Debug|Any CPU
		{5A929FCA-111B-426D-A6E3-7C6B0BFFC673}.Debug|x64.ActiveCfg = Debug|Any CPU
		{5A929FCA-111B-426D-A6E3-7C6B0BFFC673}.Debug|x64.Build.0 = Debug|Any CPU
		{5A929FCA-111B-426D-A6E3-7C6B0BFFC673}.Debug|x86.ActiveCfg = Debug|Any CPU
		{5A929FCA-111B-426D-A6E3-7C6B0BFFC673}.Debug|x86.Build.0 = Debug|Any CPU
		{5A929FCA-111B-426D-A6E3-7C6B0BFFC673}.Release|Any CPU.ActiveCfg = Release|Any CPU
		{5A929FCA-111B-426D-A6E3-7C6B0BFFC673}.Release|Any CPU.Build.0 = Release|Any CPU
		{5A929FCA-111B-426D-A6E3-7C6B0BFFC673}.Release|x64.ActiveCfg = Release|Any CPU
		{5A929FCA-111B-426D-A6E3-7C6B0BFFC673}.Release|x64.Build.0 = Release|Any CPU
		{5A929FCA-111B-426D-A6E3-7C6B0BFFC673}.Release|x86.ActiveCfg = Release|Any CPU
		{5A929FCA-111B-426D-A6E3-7C6B0BFFC673}.Release|x86.Build.0 = Release|Any CPU
	EndGlobalSection
EndGlobal
